{
    "_readme": [
        "This file locks the dependencies of your project to a known state",
        "Read more about it at https://getcomposer.org/doc/01-basic-usage.md#composer-lock-the-lock-file",
        "This file is @generated automatically"
    ],
    "content-hash": "b2ecd33d7a43320345a441c82b6af49e",
    "packages": [],
    "packages-dev": [
        {
            "name": "nette/tester",
            "version": "v2.1.0",
            "source": {
                "type": "git",
                "url": "https://github.com/nette/tester.git",
                "reference": "6b3e881e7c5ffb596a5dc25ab6e4efbbe27eb926"
            },
            "dist": {
                "type": "zip",
                "url": "https://api.github.com/repos/nette/tester/zipball/6b3e881e7c5ffb596a5dc25ab6e4efbbe27eb926",
                "reference": "6b3e881e7c5ffb596a5dc25ab6e4efbbe27eb926",
                "shasum": ""
            },
            "require": {
                "php": ">=7.1"
            },
            "bin": [
                "src/tester"
            ],
            "type": "library",
            "extra": {
                "branch-alias": {
                    "dev-master": "2.1-dev"
                }
            },
            "autoload": {
                "classmap": [
                    "src/"
                ]
            },
            "notification-url": "https://packagist.org/downloads/",
            "license": [
                "BSD-3-Clause",
                "GPL-2.0",
                "GPL-3.0"
            ],
            "authors": [
                {
                    "name": "David Grudl",
                    "homepage": "https://davidgrudl.com"
                },
                {
                    "name": "Nette Community",
                    "homepage": "https://nette.org/contributors"
                }
            ],
            "description": "Nette Tester: enjoyable unit testing in PHP with code coverage reporter. 🍏🍏🍎🍏",
            "homepage": "https://tester.nette.org",
            "keywords": [
                "Xdebug",
                "assertions",
                "clover",
                "code coverage",
                "nette",
                "phpdbg",
                "phpunit",
                "testing",
                "unit"
            ],
            "time": "2018-10-10T12:35:10+00:00"
        },
        {
            "name": "phpstan/phpstan-shim",
            "version": "0.10.3",
            "source": {
                "type": "git",
                "url": "https://github.com/phpstan/phpstan-shim.git",
                "reference": "1b12b7b684201385c1bd4bdb8e50ff062b33bb5c"
            },
            "dist": {
                "type": "zip",
                "url": "https://api.github.com/repos/phpstan/phpstan-shim/zipball/1b12b7b684201385c1bd4bdb8e50ff062b33bb5c",
                "reference": "1b12b7b684201385c1bd4bdb8e50ff062b33bb5c",
                "shasum": ""
            },
            "require": {
                "php": "~7.1"
            },
            "replace": {
                "nikic/php-parser": "^4.0.2",
                "phpstan/phpdoc-parser": "^0.3",
                "phpstan/phpstan": "self.version"
            },
            "bin": [
                "phpstan",
                "phpstan.phar"
            ],
            "type": "library",
            "extra": {
                "branch-alias": {
                    "dev-master": "0.10-dev"
                }
            },
            "autoload": {
                "files": [
                    "bootstrap.php"
                ]
            },
            "notification-url": "https://packagist.org/downloads/",
            "license": [
                "MIT"
            ],
            "description": "PHPStan Phar distribution",
            "time": "2018-08-12T16:21:59+00:00"
        }
    ],
    "aliases": [],
    "minimum-stability": "stable",
    "stability-flags": [],
    "prefer-stable": false,
    "prefer-lowest": false,
    "platform": {
        "php": ">=7.1"
    },
    "platform-dev": []
}
